
Microsoft Visual Studio Solution File, Format Version 12.00
# Visual Studio Version 17
VisualStudioVersion = 17.12.35707.178 d17.12
MinimumVisualStudioVersion = 10.0.40219.1
Project("{FAE04EC0-301F-11D3-BF4B-00C04F79EFBC}") = "Co_Voyageur.Server", "Co_Voyageur.Server\Co_Voyageur.Server.csproj", "{FD6ACBD7-156B-4B53-9845-97876E40154B}"
EndProject
Project("{54A90642-561A-4BB1-A94E-469ADEE60C69}") = "co_voyageur.client", "co_voyageur.client\co_voyageur.client.esproj", "{E3E57311-3FB3-4DA5-AB3F-84057BBACA36}"
EndProject
Global
	GlobalSection(SolutionConfigurationPlatforms) = preSolution
		Debug|Any CPU = Debug|Any CPU
		Release|Any CPU = Release|Any CPU
	EndGlobalSection
	GlobalSection(ProjectConfigurationPlatforms) = postSolution
		{FD6ACBD7-156B-4B53-9845-97876E40154B}.Debug|Any CPU.ActiveCfg = Debug|Any CPU
		{FD6ACBD7-156B-4B53-9845-97876E40154B}.Debug|Any CPU.Build.0 = Debug|Any CPU
		{FD6ACBD7-156B-4B53-9845-97876E40154B}.Release|Any CPU.ActiveCfg = Release|Any CPU
		{FD6ACBD7-156B-4B53-9845-97876E40154B}.Release|Any CPU.Build.0 = Release|Any CPU
		{E3E57311-3FB3-4DA5-AB3F-84057BBACA36}.Debug|Any CPU.ActiveCfg = Debug|Any CPU
		{E3E57311-3FB3-4DA5-AB3F-84057BBACA36}.Debug|Any CPU.Build.0 = Debug|Any CPU
		{E3E57311-3FB3-4DA5-AB3F-84057BBACA36}.Debug|Any CPU.Deploy.0 = Debug|Any CPU
		{E3E57311-3FB3-4DA5-AB3F-84057BBACA36}.Release|Any CPU.ActiveCfg = Release|Any CPU
		{E3E57311-3FB3-4DA5-AB3F-84057BBACA36}.Release|Any CPU.Build.0 = Release|Any CPU
		{E3E57311-3FB3-4DA5-AB3F-84057BBACA36}.Release|Any CPU.Deploy.0 = Release|Any CPU
	EndGlobalSection
	GlobalSection(SolutionProperties) = preSolution
		HideSolutionNode = FALSE
	EndGlobalSection
EndGlobal
